
Microsoft Visual Studio Solution File, Format Version 12.00
# Visual Studio 2012
Project("{FAE04EC0-301F-11D3-BF4B-00C04F79EFBC}") = "Reverse", "Strings\Reverse.csproj", "{722B4D67-A136-4AC8-9435-65D9B61B39C3}"
EndProject
Project("{FAE04EC0-301F-11D3-BF4B-00C04F79EFBC}") = "CheckBrackets", "CheckBrackets\CheckBrackets.csproj", "{5EA7D7CE-D950-4293-9C12-9558032780CF}"
EndProject
Project("{FAE04EC0-301F-11D3-BF4B-00C04F79EFBC}") = "In", "In\In.csproj", "{9C50D755-F2F9-4A8D-85D8-D86A9664DD19}"
EndProject
Project("{FAE04EC0-301F-11D3-BF4B-00C04F79EFBC}") = "Upcase", "Upcase\Upcase.csproj", "{D28DDCB5-5721-4B83-8B28-0ACB7CCDC4B1}"
EndProject
Project("{FAE04EC0-301F-11D3-BF4B-00C04F79EFBC}") = "AsterixFill", "Asterix\AsterixFill.csproj", "{5B9E5B20-09C2-4B8B-95A9-07B5F6CA4A63}"
EndProject
Project("{FAE04EC0-301F-11D3-BF4B-00C04F79EFBC}") = "ExtractIn", "ExtractIn\ExtractIn.csproj", "{BD4820D9-0C05-402C-907E-53D92B82681D}"
EndProject
Project("{FAE04EC0-301F-11D3-BF4B-00C04F79EFBC}") = "ForbiddenWords", "ForbiddenWords\ForbiddenWords.csproj", "{DE69C2E7-DCEC-4C55-BDC5-7F19E7958E83}"
EndProject
Project("{FAE04EC0-301F-11D3-BF4B-00C04F79EFBC}") = "LetterToChar", "LetterToChar\LetterToChar.csproj", "{54DCD546-CD15-4B8B-88C3-7DCF74C92EA3}"
EndProject
Project("{FAE04EC0-301F-11D3-BF4B-00C04F79EFBC}") = "URl", "URl\URl.csproj", "{D1E77DAC-0ED2-4B4B-B65C-8AB7401F874E}"
EndProject
Project("{FAE04EC0-301F-11D3-BF4B-00C04F79EFBC}") = "ReverseWords", "ReverseWords\ReverseWords.csproj", "{753CDC1D-4070-4E33-BFE9-C7055F4F1A2F}"
EndProject
Project("{FAE04EC0-301F-11D3-BF4B-00C04F79EFBC}") = "Dictionary", "Dictionary\Dictionary.csproj", "{BAAB7496-986F-458A-9C69-F1B39F07D561}"
EndProject
Project("{FAE04EC0-301F-11D3-BF4B-00C04F79EFBC}") = "Html", "HTML\Html.csproj", "{B2AB0F87-DEC9-40FE-A9CA-F72B2975BA30}"
EndProject
Project("{FAE04EC0-301F-11D3-BF4B-00C04F79EFBC}") = "Dates", "Dates\Dates.csproj", "{303CB9E9-C26E-45EA-BE27-F4B2F83B3E39}"
EndProject
Project("{FAE04EC0-301F-11D3-BF4B-00C04F79EFBC}") = "DateAndTime", "DateAndTime\DateAndTime.csproj", "{BB963033-8072-428D-9802-5DF2180FEDF5}"
EndProject
Project("{FAE04EC0-301F-11D3-BF4B-00C04F79EFBC}") = "DateInText", "DateInText\DateInText.csproj", "{B6EB7B55-F5C4-45BF-AAFF-0CC7F6F5A29A}"
EndProject
Project("{FAE04EC0-301F-11D3-BF4B-00C04F79EFBC}") = "Palindrom", "Palindrom\Palindrom.csproj", "{C2F76390-A346-40DD-A9EF-04086722392D}"
EndProject
Project("{FAE04EC0-301F-11D3-BF4B-00C04F79EFBC}") = "HowManyTimes", "HowManyTimes\HowManyTimes.csproj", "{ABED299F-06AF-4A8C-9014-E7FCFB342D92}"
EndProject
Project("{FAE04EC0-301F-11D3-BF4B-00C04F79EFBC}") = "HowManyTimes2", "HowManyTimes2\HowManyTimes2.csproj", "{8302B66B-EDAA-4796-B921-E8CE413B2D58}"
EndProject
Project("{FAE04EC0-301F-11D3-BF4B-00C04F79EFBC}") = "Consecutive", "Consecutive\Consecutive.csproj", "{7793C62E-6EF0-406E-9967-A9852B1CCE0E}"
EndProject
Project("{FAE04EC0-301F-11D3-BF4B-00C04F79EFBC}") = "AlphabeticalOrder", "AlphabeticalOrder\AlphabeticalOrder.csproj", "{E3BAEB7C-87A8-490A-8676-4F2AE6720117}"
EndProject
Project("{FAE04EC0-301F-11D3-BF4B-00C04F79EFBC}") = "LastProblem", "LastProblem\LastProblem.csproj", "{27300F07-EBE0-4A6B-BF49-8123EF2E9799}"
EndProject
Global
	GlobalSection(SolutionConfigurationPlatforms) = preSolution
		Debug|Any CPU = Debug|Any CPU
		Release|Any CPU = Release|Any CPU
	EndGlobalSection
	GlobalSection(ProjectConfigurationPlatforms) = postSolution
		{722B4D67-A136-4AC8-9435-65D9B61B39C3}.Debug|Any CPU.ActiveCfg = Debug|Any CPU
		{722B4D67-A136-4AC8-9435-65D9B61B39C3}.Debug|Any CPU.Build.0 = Debug|Any CPU
		{722B4D67-A136-4AC8-9435-65D9B61B39C3}.Release|Any CPU.ActiveCfg = Release|Any CPU
		{722B4D67-A136-4AC8-9435-65D9B61B39C3}.Release|Any CPU.Build.0 = Release|Any CPU
		{5EA7D7CE-D950-4293-9C12-9558032780CF}.Debug|Any CPU.ActiveCfg = Debug|Any CPU
		{5EA7D7CE-D950-4293-9C12-9558032780CF}.Debug|Any CPU.Build.0 = Debug|Any CPU
		{5EA7D7CE-D950-4293-9C12-9558032780CF}.Release|Any CPU.ActiveCfg = Release|Any CPU
		{5EA7D7CE-D950-4293-9C12-9558032780CF}.Release|Any CPU.Build.0 = Release|Any CPU
		{9C50D755-F2F9-4A8D-85D8-D86A9664DD19}.Debug|Any CPU.ActiveCfg = Debug|Any CPU
		{9C50D755-F2F9-4A8D-85D8-D86A9664DD19}.Debug|Any CPU.Build.0 = Debug|Any CPU
		{9C50D755-F2F9-4A8D-85D8-D86A9664DD19}.Release|Any CPU.ActiveCfg = Release|Any CPU
		{9C50D755-F2F9-4A8D-85D8-D86A9664DD19}.Release|Any CPU.Build.0 = Release|Any CPU
		{D28DDCB5-5721-4B83-8B28-0ACB7CCDC4B1}.Debug|Any CPU.ActiveCfg = Debug|Any CPU
		{D28DDCB5-5721-4B83-8B28-0ACB7CCDC4B1}.Debug|Any CPU.Build.0 = Debug|Any CPU
		{D28DDCB5-5721-4B83-8B28-0ACB7CCDC4B1}.Release|Any CPU.ActiveCfg = Release|Any CPU
		{D28DDCB5-5721-4B83-8B28-0ACB7CCDC4B1}.Release|Any CPU.Build.0 = Release|Any CPU
		{5B9E5B20-09C2-4B8B-95A9-07B5F6CA4A63}.Debug|Any CPU.ActiveCfg = Debug|Any CPU
		{5B9E5B20-09C2-4B8B-95A9-07B5F6CA4A63}.Debug|Any CPU.Build.0 = Debug|Any CPU
		{5B9E5B20-09C2-4B8B-95A9-07B5F6CA4A63}.Release|Any CPU.ActiveCfg = Release|Any CPU
		{5B9E5B20-09C2-4B8B-95A9-07B5F6CA4A63}.Release|Any CPU.Build.0 = Release|Any CPU
		{BD4820D9-0C05-402C-907E-53D92B82681D}.Debug|Any CPU.ActiveCfg = Debug|Any CPU
		{BD4820D9-0C05-402C-907E-53D92B82681D}.Debug|Any CPU.Build.0 = Debug|Any CPU
		{BD4820D9-0C05-402C-907E-53D92B82681D}.Release|Any CPU.ActiveCfg = Release|Any CPU
		{BD4820D9-0C05-402C-907E-53D92B82681D}.Release|Any CPU.Build.0 = Release|Any CPU
		{DE69C2E7-DCEC-4C55-BDC5-7F19E7958E83}.Debug|Any CPU.ActiveCfg = Debug|Any CPU
		{DE69C2E7-DCEC-4C55-BDC5-7F19E7958E83}.Debug|Any CPU.Build.0 = Debug|Any CPU
		{DE69C2E7-DCEC-4C55-BDC5-7F19E7958E83}.Release|Any CPU.ActiveCfg = Release|Any CPU
		{DE69C2E7-DCEC-4C55-BDC5-7F19E7958E83}.Release|Any CPU.Build.0 = Release|Any CPU
		{54DCD546-CD15-4B8B-88C3-7DCF74C92EA3}.Debug|Any CPU.ActiveCfg = Debug|Any CPU
		{54DCD546-CD15-4B8B-88C3-7DCF74C92EA3}.Debug|Any CPU.Build.0 = Debug|Any CPU
		{54DCD546-CD15-4B8B-88C3-7DCF74C92EA3}.Release|Any CPU.ActiveCfg = Release|Any CPU
		{54DCD546-CD15-4B8B-88C3-7DCF74C92EA3}.Release|Any CPU.Build.0 = Release|Any CPU
		{D1E77DAC-0ED2-4B4B-B65C-8AB7401F874E}.Debug|Any CPU.ActiveCfg = Debug|Any CPU
		{D1E77DAC-0ED2-4B4B-B65C-8AB7401F874E}.Debug|Any CPU.Build.0 = Debug|Any CPU
		{D1E77DAC-0ED2-4B4B-B65C-8AB7401F874E}.Release|Any CPU.ActiveCfg = Release|Any CPU
		{D1E77DAC-0ED2-4B4B-B65C-8AB7401F874E}.Release|Any CPU.Build.0 = Release|Any CPU
		{753CDC1D-4070-4E33-BFE9-C7055F4F1A2F}.Debug|Any CPU.ActiveCfg = Debug|Any CPU
		{753CDC1D-4070-4E33-BFE9-C7055F4F1A2F}.Debug|Any CPU.Build.0 = Debug|Any CPU
		{753CDC1D-4070-4E33-BFE9-C7055F4F1A2F}.Release|Any CPU.ActiveCfg = Release|Any CPU
		{753CDC1D-4070-4E33-BFE9-C7055F4F1A2F}.Release|Any CPU.Build.0 = Release|Any CPU
		{BAAB7496-986F-458A-9C69-F1B39F07D561}.Debug|Any CPU.ActiveCfg = Debug|Any CPU
		{BAAB7496-986F-458A-9C69-F1B39F07D561}.Debug|Any CPU.Build.0 = Debug|Any CPU
		{BAAB7496-986F-458A-9C69-F1B39F07D561}.Release|Any CPU.ActiveCfg = Release|Any CPU
		{BAAB7496-986F-458A-9C69-F1B39F07D561}.Release|Any CPU.Build.0 = Release|Any CPU
		{B2AB0F87-DEC9-40FE-A9CA-F72B2975BA30}.Debug|Any CPU.ActiveCfg = Debug|Any CPU
		{B2AB0F87-DEC9-40FE-A9CA-F72B2975BA30}.Debug|Any CPU.Build.0 = Debug|Any CPU
		{B2AB0F87-DEC9-40FE-A9CA-F72B2975BA30}.Release|Any CPU.ActiveCfg = Release|Any CPU
		{B2AB0F87-DEC9-40FE-A9CA-F72B2975BA30}.Release|Any CPU.Build.0 = Release|Any CPU
		{303CB9E9-C26E-45EA-BE27-F4B2F83B3E39}.Debug|Any CPU.ActiveCfg = Debug|Any CPU
		{303CB9E9-C26E-45EA-BE27-F4B2F83B3E39}.Debug|Any CPU.Build.0 = Debug|Any CPU
		{303CB9E9-C26E-45EA-BE27-F4B2F83B3E39}.Release|Any CPU.ActiveCfg = Release|Any CPU
		{303CB9E9-C26E-45EA-BE27-F4B2F83B3E39}.Release|Any CPU.Build.0 = Release|Any CPU
		{BB963033-8072-428D-9802-5DF2180FEDF5}.Debug|Any CPU.ActiveCfg = Debug|Any CPU
		{BB963033-8072-428D-9802-5DF2180FEDF5}.Debug|Any CPU.Build.0 = Debug|Any CPU
		{BB963033-8072-428D-9802-5DF2180FEDF5}.Release|Any CPU.ActiveCfg = Release|Any CPU
		{BB963033-8072-428D-9802-5DF2180FEDF5}.Release|Any CPU.Build.0 = Release|Any CPU
		{B6EB7B55-F5C4-45BF-AAFF-0CC7F6F5A29A}.Debug|Any CPU.ActiveCfg = Debug|Any CPU
		{B6EB7B55-F5C4-45BF-AAFF-0CC7F6F5A29A}.Debug|Any CPU.Build.0 = Debug|Any CPU
		{B6EB7B55-F5C4-45BF-AAFF-0CC7F6F5A29A}.Release|Any CPU.ActiveCfg = Release|Any CPU
		{B6EB7B55-F5C4-45BF-AAFF-0CC7F6F5A29A}.Release|Any CPU.Build.0 = Release|Any CPU
		{C2F76390-A346-40DD-A9EF-04086722392D}.Debug|Any CPU.ActiveCfg = Debug|Any CPU
		{C2F76390-A346-40DD-A9EF-04086722392D}.Debug|Any CPU.Build.0 = Debug|Any CPU
		{C2F76390-A346-40DD-A9EF-04086722392D}.Release|Any CPU.ActiveCfg = Release|Any CPU
		{C2F76390-A346-40DD-A9EF-04086722392D}.Release|Any CPU.Build.0 = Release|Any CPU
		{ABED299F-06AF-4A8C-9014-E7FCFB342D92}.Debug|Any CPU.ActiveCfg = Debug|Any CPU
		{ABED299F-06AF-4A8C-9014-E7FCFB342D92}.Debug|Any CPU.Build.0 = Debug|Any CPU
		{ABED299F-06AF-4A8C-9014-E7FCFB342D92}.Release|Any CPU.ActiveCfg = Release|Any CPU
		{ABED299F-06AF-4A8C-9014-E7FCFB342D92}.Release|Any CPU.Build.0 = Release|Any CPU
		{8302B66B-EDAA-4796-B921-E8CE413B2D58}.Debug|Any CPU.ActiveCfg = Debug|Any CPU
		{8302B66B-EDAA-4796-B921-E8CE413B2D58}.Debug|Any CPU.Build.0 = Debug|Any CPU
		{8302B66B-EDAA-4796-B921-E8CE413B2D58}.Release|Any CPU.ActiveCfg = Release|Any CPU
		{8302B66B-EDAA-4796-B921-E8CE413B2D58}.Release|Any CPU.Build.0 = Release|Any CPU
		{7793C62E-6EF0-406E-9967-A9852B1CCE0E}.Debug|Any CPU.ActiveCfg = Debug|Any CPU
		{7793C62E-6EF0-406E-9967-A9852B1CCE0E}.Debug|Any CPU.Build.0 = Debug|Any CPU
		{7793C62E-6EF0-406E-9967-A9852B1CCE0E}.Release|Any CPU.ActiveCfg = Release|Any CPU
		{7793C62E-6EF0-406E-9967-A9852B1CCE0E}.Release|Any CPU.Build.0 = Release|Any CPU
		{E3BAEB7C-87A8-490A-8676-4F2AE6720117}.Debug|Any CPU.ActiveCfg = Debug|Any CPU
		{E3BAEB7C-87A8-490A-8676-4F2AE6720117}.Debug|Any CPU.Build.0 = Debug|Any CPU
		{E3BAEB7C-87A8-490A-8676-4F2AE6720117}.Release|Any CPU.ActiveCfg = Release|Any CPU
		{E3BAEB7C-87A8-490A-8676-4F2AE6720117}.Release|Any CPU.Build.0 = Release|Any CPU
		{27300F07-EBE0-4A6B-BF49-8123EF2E9799}.Debug|Any CPU.ActiveCfg = Debug|Any CPU
		{27300F07-EBE0-4A6B-BF49-8123EF2E9799}.Debug|Any CPU.Build.0 = Debug|Any CPU
		{27300F07-EBE0-4A6B-BF49-8123EF2E9799}.Release|Any CPU.ActiveCfg = Release|Any CPU
		{27300F07-EBE0-4A6B-BF49-8123EF2E9799}.Release|Any CPU.Build.0 = Release|Any CPU
	EndGlobalSection
	GlobalSection(SolutionProperties) = preSolution
		HideSolutionNode = FALSE
	EndGlobalSection
EndGlobal
